// !$*UTF8*$!
{
	archiveVersion = 1;
	classes = {
	};
	objectVersion = 50;
	objects = {

/* Begin PBXBuildFile section */
		BAAE4B7023827EB30079BC0E /* AppDelegate.m in Sources */ = {isa = PBXBuildFile; fileRef = BAAE4B6F23827EB30079BC0E /* AppDelegate.m */; };
		BAAE4B7323827EB30079BC0E /* SceneDelegate.m in Sources */ = {isa = PBXBuildFile; fileRef = BAAE4B7223827EB30079BC0E /* SceneDelegate.m */; };
		BAAE4B7623827EB30079BC0E /* ViewController.m in Sources */ = {isa = PBXBuildFile; fileRef = BAAE4B7523827EB30079BC0E /* ViewController.m */; };
		BAAE4B7923827EB30079BC0E /* Main.storyboard in Resources */ = {isa = PBXBuildFile; fileRef = BAAE4B7723827EB30079BC0E /* Main.storyboard */; };
		BAAE4B7B23827EB40079BC0E /* Assets.xcassets in Resources */ = {isa = PBXBuildFile; fileRef = BAAE4B7A23827EB40079BC0E /* Assets.xcassets */; };
		BAAE4B7E23827EB40079BC0E /* LaunchScreen.storyboard in Resources */ = {isa = PBXBuildFile; fileRef = BAAE4B7C23827EB40079BC0E /* LaunchScreen.storyboard */; };
		BAAE4B8123827EB40079BC0E /* main.m in Sources */ = {isa = PBXBuildFile; fileRef = BAAE4B8023827EB40079BC0E /* main.m */; };
		BAAE4B8A23827F060079BC0E /* timeController.m in Sources */ = {isa = PBXBuildFile; fileRef = BAAE4B8923827F060079BC0E /* timeController.m */; };
/* End PBXBuildFile section */

/* Begin PBXFileReference section */
		BAAE4B6B23827EB30079BC0E /* timerController.app */ = {isa = PBXFileReference; explicitFileType = wrapper.application; includeInIndex = 0; path = timerController.app; sourceTree = BUILT_PRODUCTS_DIR; };
		BAAE4B6E23827EB30079BC0E /* AppDelegate.h */ = {isa = PBXFileReference; lastKnownFileType = sourcecode.c.h; path = AppDelegate.h; sourceTree = "<group>"; };
		BAAE4B6F23827EB30079BC0E /* AppDelegate.m */ = {isa = PBXFileReference; lastKnownFileType = sourcecode.c.objc; path = AppDelegate.m; sourceTree = "<group>"; };
		BAAE4B7123827EB30079BC0E /* SceneDelegate.h */ = {isa = PBXFileReference; lastKnownFileType = sourcecode.c.h; path = SceneDelegate.h; sourceTree = "<group>"; };
		BAAE4B7223827EB30079BC0E /* SceneDelegate.m */ = {isa = PBXFileReference; lastKnownFileType = sourcecode.c.objc; path = SceneDelegate.m; sourceTree = "<group>"; };
		BAAE4B7423827EB30079BC0E /* ViewController.h */ = {isa = PBXFileReference; lastKnownFileType = sourcecode.c.h; path = ViewController.h; sourceTree = "<group>"; };
		BAAE4B7523827EB30079BC0E /* ViewController.m */ = {isa = PBXFileReference; lastKnownFileType = sourcecode.c.objc; path = ViewController.m; sourceTree = "<group>"; };
		BAAE4B7823827EB30079BC0E /* Base */ = {isa = PBXFileReference; lastKnownFileType = file.storyboard; name = Base; path = Base.lproj/Main.storyboard; sourceTree = "<group>"; };
		BAAE4B7A23827EB40079BC0E /* Assets.xcassets */ = {isa = PBXFileReference; lastKnownFileType = folder.assetcatalog; path = Assets.xcassets; sourceTree = "<group>"; };
		BAAE4B7D23827EB40079BC0E /* Base */ = {isa = PBXFileReference; lastKnownFileType = file.storyboard; name = Base; path = Base.lproj/LaunchScreen.storyboard; sourceTree = "<group>"; };
		BAAE4B7F23827EB40079BC0E /* Info.plist */ = {isa = PBXFileReference; lastKnownFileType = text.plist.xml; path = Info.plist; sourceTree = "<group>"; };
		BAAE4B8023827EB40079BC0E /* main.m */ = {isa = PBXFileReference; lastKnownFileType = sourcecode.c.objc; path = main.m; sourceTree = "<group>"; };
		BAAE4B8823827F060079BC0E /* timeController.h */ = {isa = PBXFileReference; lastKnownFileType = sourcecode.c.h; path = timeController.h; sourceTree = "<group>"; };
		BAAE4B8923827F060079BC0E /* timeController.m */ = {isa = PBXFileReference; lastKnownFileType = sourcecode.c.objc; path = timeController.m; sourceTree = "<group>"; };
/* End PBXFileReference section */

/* Begin PBXFrameworksBuildPhase section */
		BAAE4B6823827EB30079BC0E /* Frameworks */ = {
			isa = PBXFrameworksBuildPhase;
			buildActionMask = 2147483647;
			files = (
			);
			runOnlyForDeploymentPostprocessing = 0;
		};
/* End PBXFrameworksBuildPhase section */

/* Begin PBXGroup section */
		BAAE4B6223827EB30079BC0E = {
			isa = PBXGroup;
			children = (
				BAAE4B6D23827EB30079BC0E /* timerController */,
				BAAE4B6C23827EB30079BC0E /* Products */,
			);
			sourceTree = "<group>";
		};
		BAAE4B6C23827EB30079BC0E /* Products */ = {
			isa = PBXGroup;
			children = (
				BAAE4B6B23827EB30079BC0E /* timerController.app */,
			);
			name = Products;
			sourceTree = "<group>";
		};
		BAAE4B6D23827EB30079BC0E /* timerController */ = {
			isa = PBXGroup;
			children = (
				BAAE4B8723827ED60079BC0E /* setController */,
				BAAE4B6E23827EB30079BC0E /* AppDelegate.h */,
				BAAE4B6F23827EB30079BC0E /* AppDelegate.m */,
				BAAE4B7123827EB30079BC0E /* SceneDelegate.h */,
				BAAE4B7223827EB30079BC0E /* SceneDelegate.m */,
				BAAE4B7423827EB30079BC0E /* ViewController.h */,
				BAAE4B7523827EB30079BC0E /* ViewController.m */,
				BAAE4B7723827EB30079BC0E /* Main.storyboard */,
				BAAE4B7A23827EB40079BC0E /* Assets.xcassets */,
				BAAE4B7C23827EB40079BC0E /* LaunchScreen.storyboard */,
				BAAE4B7F23827EB40079BC0E /* Info.plist */,
				BAAE4B8023827EB40079BC0E /* main.m */,
			);
			path = timerController;
			sourceTree = "<group>";
		};
		BAAE4B8723827ED60079BC0E /* setController */ = {
			isa = PBXGroup;
			children = (
				BAAE4B8823827F060079BC0E /* timeController.h */,
				BAAE4B8923827F060079BC0E /* timeController.m */,
			);
			name = setController;
			sourceTree = "<group>";
		};
/* End PBXGroup section */

/* Begin PBXNativeTarget section */
		BAAE4B6A23827EB30079BC0E /* timerController */ = {
			isa = PBXNativeTarget;
			buildConfigurationList = BAAE4B8423827EB40079BC0E /* Build configuration list for PBXNativeTarget "timerController" */;
			buildPhases = (
				BAAE4B6723827EB30079BC0E /* Sources */,
				BAAE4B6823827EB30079BC0E /* Frameworks */,
				BAAE4B6923827EB30079BC0E /* Resources */,
			);
			buildRules = (
			);
			dependencies = (
			);
			name = timerController;
			productName = timerController;
			productReference = BAAE4B6B23827EB30079BC0E /* timerController.app */;
			productType = "com.apple.product-type.application";
		};
/* End PBXNativeTarget section */

/* Begin PBXProject section */
		BAAE4B6323827EB30079BC0E /* Project object */ = {
			isa = PBXProject;
			attributes = {
				LastUpgradeCheck = 1110;
				ORGANIZATIONNAME = v_sunmingzhe01;
				TargetAttributes = {
					BAAE4B6A23827EB30079BC0E = {
						CreatedOnToolsVersion = 11.1;
					};
				};
			};
			buildConfigurationList = BAAE4B6623827EB30079BC0E /* Build configuration list for PBXProject "timerController" */;
			compatibilityVersion = "Xcode 9.3";
			developmentRegion = en;
			hasScannedForEncodings = 0;
			knownRegions = (
				en,
				Base,
			);
			mainGroup = BAAE4B6223827EB30079BC0E;
			productRefGroup = BAAE4B6C23827EB30079BC0E /* Products */;
			projectDirPath = "";
			projectRoot = "";
			targets = (
				BAAE4B6A23827EB30079BC0E /* timerController */,
			);
		};
/* End PBXProject section */

/* Begin PBXResourcesBuildPhase section */
		BAAE4B6923827EB30079BC0E /* Resources */ = {
			isa = PBXResourcesBuildPhase;
			buildActionMask = 2147483647;
			files = (
				BAAE4B7E23827EB40079BC0E /* LaunchScreen.storyboard in Resources */,
				BAAE4B7B23827EB40079BC0E /* Assets.xcassets in Resources */,
				BAAE4B7923827EB30079BC0E /* Main.storyboard in Resources */,
			);
			runOnlyForDeploymentPostprocessing = 0;
		};
/* End PBXResourcesBuildPhase section */

/* Begin PBXSourcesBuildPhase section */
		BAAE4B6723827EB30079BC0E /* Sources */ = {
			isa = PBXSourcesBuildPhase;
			buildActionMask = 2147483647;
			files = (
				BAAE4B8A23827F060079BC0E /* timeController.m in Sources */,
				BAAE4B7623827EB30079BC0E /* ViewController.m in Sources */,
				BAAE4B7023827EB30079BC0E /* AppDelegate.m in Sources */,
				BAAE4B8123827EB40079BC0E /* main.m in Sources */,
				BAAE4B7323827EB30079BC0E /* SceneDelegate.m in Sources */,
			);
			runOnlyForDeploymentPostprocessing = 0;
		};
/* End PBXSourcesBuildPhase section */

/* Begin PBXVariantGroup section */
		BAAE4B7723827EB30079BC0E /* Main.storyboard */ = {
			isa = PBXVariantGroup;
			children = (
				BAAE4B7823827EB30079BC0E /* Base */,
			);
			name = Main.storyboard;
			sourceTree = "<group>";
		};
		BAAE4B7C23827EB40079BC0E /* LaunchScreen.storyboard */ = {
			isa = PBXVariantGroup;
			children = (
				BAAE4B7D23827EB40079BC0E /* Base */,
			);
			name = LaunchScreen.storyboard;
			sourceTree = "<group>";
		};
/* End PBXVariantGroup section */

/* Begin XCBuildConfiguration section */
		BAAE4B8223827EB40079BC0E /* Debug */ = {
			isa = XCBuildConfiguration;
			buildSettings = {
				ALWAYS_SEARCH_USER_PATHS = NO;
				CLANG_ANALYZER_NONNULL = YES;
				CLANG_ANALYZER_NUMBER_OBJECT_CONVERSION = YES_AGGRESSIVE;
				CLANG_CXX_LANGUAGE_STANDARD = "gnu++14";
				CLANG_CXX_LIBRARY = "libc++";
				CLANG_ENABLE_MODULES = YES;
				CLANG_ENABLE_OBJC_ARC = YES;
				CLANG_ENABLE_OBJC_WEAK = YES;
				CLANG_WARN_BLOCK_CAPTURE_AUTORELEASING = YES;
				CLANG_WARN_BOOL_CONVERSION = YES;
				CLANG_WARN_COMMA = YES;
				CLANG_WARN_CONSTANT_CONVERSION = YES;
				CLANG_WARN_DEPRECATED_OBJC_IMPLEMENTATIONS = YES;
				CLANG_WARN_DIRECT_OBJC_ISA_USAGE = YES_ERROR;
				CLANG_WARN_DOCUMENTATION_COMMENTS = YES;
				CLANG_WARN_EMPTY_BODY = YES;
				CLANG_WARN_ENUM_CONVERSION = YES;
				CLANG_WARN_INFINITE_RECURSION = YES;
				CLANG_WARN_INT_CONVERSION = YES;
				CLANG_WARN_NON_LITERAL_NULL_CONVERSION = YES;
				CLANG_WARN_OBJC_IMPLICIT_RETAIN_SELF = YES;
				CLANG_WARN_OBJC_LITERAL_CONVERSION = YES;
				CLANG_WARN_OBJC_ROOT_CLASS = YES_ERROR;
				CLANG_WARN_RANGE_LOOP_ANALYSIS = YES;
				CLANG_WARN_STRICT_PROTOTYPES = YES;
				CLANG_WARN_SUSPICIOUS_MOVE = YES;
				CLANG_WARN_UNGUARDED_AVAILABILITY = YES_AGGRESSIVE;
				CLANG_WARN_UNREACHABLE_CODE = YES;
				CLANG_WARN__DUPLICATE_METHOD_MATCH = YES;
				COPY_PHASE_STRIP = NO;
				DEBUG_INFORMATION_FORMAT = dwarf;
				ENABLE_STRICT_OBJC_MSGSEND = YES;
				ENABLE_TESTABILITY = YES;
				GCC_C_LANGUAGE_STANDARD = gnu11;
				GCC_DYNAMIC_NO_PIC = NO;
				GCC_NO_COMMON_BLOCKS = YES;
				GCC_OPTIMIZATION_LEVEL = 0;
				GCC_PREPROCESSOR_DEFINITIONS = (
					"DEBUG=1",
					"$(inherited)",
				);
				GCC_WARN_64_TO_32_BIT_CONVERSION = YES;
				GCC_WARN_ABOUT_RETURN_TYPE = YES_ERROR;
				GCC_WARN_UNDECLARED_SELECTOR = YES;
				GCC_WARN_UNINITIALIZED_AUTOS = YES_AGGRESSIVE;
				GCC_WARN_UNUSED_FUNCTION = YES;
				GCC_WARN_UNUSED_VARIABLE = YES;
				IPHONEOS_DEPLOYMENT_TARGET = 13.1;
				MTL_ENABLE_DEBUG_INFO = INCLUDE_SOURCE;
				MTL_FAST_MATH = YES;
				ONLY_ACTIVE_ARCH = YES;
				SDKROOT = iphoneos;
			};
			name = Debug;
		};
		BAAE4B8323827EB40079BC0E /* Release */ = {
			isa = XCBuildConfiguration;
			buildSettings = {
				ALWAYS_SEARCH_USER_PATHS = NO;
				CLANG_ANALYZER_NONNULL = YES;
				CLANG_ANALYZER_NUMBER_OBJECT_CONVERSION = YES_AGGRESSIVE;
				CLANG_CXX_LANGUAGE_STANDARD = "gnu++14";
				CLANG_CXX_LIBRARY = "libc++";
				CLANG_ENABLE_MODULES = YES;
				CLANG_ENABLE_OBJC_ARC = YES;
				CLANG_ENABLE_OBJC_WEAK = YES;
				CLANG_WARN_BLOCK_CAPTURE_AUTORELEASING = YES;
				CLANG_WARN_BOOL_CONVERSION = YES;
				CLANG_WARN_COMMA = YES;
				CLANG_WARN_CONSTANT_CONVERSION = YES;
				CLANG_WARN_DEPRECATED_OBJC_IMPLEMENTATIONS = YES;
				CLANG_WARN_DIRECT_OBJC_ISA_USAGE = YES_ERROR;
				CLANG_WARN_DOCUMENTATION_COMMENTS = YES;
				CLANG_WARN_EMPTY_BODY = YES;
				CLANG_WARN_ENUM_CONVERSION = YES;
				CLANG_WARN_INFINITE_RECURSION = YES;
				CLANG_WARN_INT_CONVERSION = YES;
				CLANG_WARN_NON_LITERAL_NULL_CONVERSION = YES;
				CLANG_WARN_OBJC_IMPLICIT_RETAIN_SELF = YES;
				CLANG_WARN_OBJC_LITERAL_CONVERSION = YES;
				CLANG_WARN_OBJC_ROOT_CLASS = YES_ERROR;
				CLANG_WARN_RANGE_LOOP_ANALYSIS = YES;
				CLANG_WARN_STRICT_PROTOTYPES = YES;
				CLANG_WARN_SUSPICIOUS_MOVE = YES;
				CLANG_WARN_UNGUARDED_AVAILABILITY = YES_AGGRESSIVE;
				CLANG_WARN_UNREACHABLE_CODE = YES;
				CLANG_WARN__DUPLICATE_METHOD_MATCH = YES;
				COPY_PHASE_STRIP = NO;
				DEBUG_INFORMATION_FORMAT = "dwarf-with-dsym";
				ENABLE_NS_ASSERTIONS = NO;
				ENABLE_STRICT_OBJC_MSGSEND = YES;
				GCC_C_LANGUAGE_STANDARD = gnu11;
				GCC_NO_COMMON_BLOCKS = YES;
				GCC_WARN_64_TO_32_BIT_CONVERSION = YES;
				GCC_WARN_ABOUT_RETURN_TYPE = YES_ERROR;
				GCC_WARN_UNDECLARED_SELECTOR = YES;
				GCC_WARN_UNINITIALIZED_AUTOS = YES_AGGRESSIVE;
				GCC_WARN_UNUSED_FUNCTION = YES;
				GCC_WARN_UNUSED_VARIABLE = YES;
				IPHONEOS_DEPLOYMENT_TARGET = 13.1;
				MTL_ENABLE_DEBUG_INFO = NO;
				MTL_FAST_MATH = YES;
				SDKROOT = iphoneos;
				VALIDATE_PRODUCT = YES;
			};
			name = Release;
		};
		BAAE4B8523827EB40079BC0E /* Debug */ = {
			isa = XCBuildConfiguration;
			buildSettings = {
				ASSETCATALOG_COMPILER_APPICON_NAME = AppIcon;
				CODE_SIGN_STYLE = Automatic;
				DEVELOPMENT_TEAM = 4KSFSUXVN3;
				INFOPLIST_FILE = timerController/Info.plist;
				LD_RUNPATH_SEARCH_PATHS = (
					"$(inherited)",
					"@executable_path/Frameworks",
				);
				PRODUCT_BUNDLE_IDENTIFIER = new.timerController;
				PRODUCT_NAME = "$(TARGET_NAME)";
				TARGETED_DEVICE_FAMILY = "1,2";
			};
			name = Debug;
		};
		BAAE4B8623827EB40079BC0E /* Release */ = {
			isa = XCBuildConfiguration;
			buildSettings = {
				ASSETCATALOG_COMPILER_APPICON_NAME = AppIcon;
				CODE_SIGN_STYLE = Automatic;
				DEVELOPMENT_TEAM = 4KSFSUXVN3;
				INFOPLIST_FILE = timerController/Info.plist;
				LD_RUNPATH_SEARCH_PATHS = (
					"$(inherited)",
					"@executable_path/Frameworks",
				);
				PRODUCT_BUNDLE_IDENTIFIER = new.timerController;
				PRODUCT_NAME = "$(TARGET_NAME)";
				TARGETED_DEVICE_FAMILY = "1,2";
			};
			name = Release;
		};
/* End XCBuildConfiguration section */

/* Begin XCConfigurationList section */
		BAAE4B6623827EB30079BC0E /* Build configuration list for PBXProject "timerController" */ = {
			isa = XCConfigurationList;
			buildConfigurations = (
				BAAE4B8223827EB40079BC0E /* Debug */,
				BAAE4B8323827EB40079BC0E /* Release */,
			);
			defaultConfigurationIsVisible = 0;
			defaultConfigurationName = Release;
		};
		BAAE4B8423827EB40079BC0E /* Build configuration list for PBXNativeTarget "timerController" */ = {
			isa = XCConfigurationList;
			buildConfigurations = (
				BAAE4B8523827EB40079BC0E /* Debug */,
				BAAE4B8623827EB40079BC0E /* Release */,
			);
			defaultConfigurationIsVisible = 0;
			defaultConfigurationName = Release;
		};
/* End XCConfigurationList section */
	};
	rootObject = BAAE4B6323827EB30079BC0E /* Project object */;
}
